
Microsoft Visual Studio Solution File, Format Version 12.00
# Visual Studio Version 16
VisualStudioVersion = 16.0.31025.194
MinimumVisualStudioVersion = 10.0.40219.1
Project("{FAE04EC0-301F-11D3-BF4B-00C04F79EFBC}") = "PrviZadatak", "PrviZadatak\PrviZadatak.csproj", "{E9F462B6-AB06-4A0F-ACA4-81D70856B3AF}"
EndProject
Global
	GlobalSection(SolutionConfigurationPlatforms) = preSolution
		Debug|Any CPU = Debug|Any CPU
		Release|Any CPU = Release|Any CPU
	EndGlobalSection
	GlobalSection(ProjectConfigurationPlatforms) = postSolution
		{E9F462B6-AB06-4A0F-ACA4-81D70856B3AF}.Debug|Any CPU.ActiveCfg = Debug|Any CPU
		{E9F462B6-AB06-4A0F-ACA4-81D70856B3AF}.Debug|Any CPU.Build.0 = Debug|Any CPU
		{E9F462B6-AB06-4A0F-ACA4-81D70856B3AF}.Release|Any CPU.ActiveCfg = Release|Any CPU
		{E9F462B6-AB06-4A0F-ACA4-81D70856B3AF}.Release|Any CPU.Build.0 = Release|Any CPU
	EndGlobalSection
	GlobalSection(SolutionProperties) = preSolution
		HideSolutionNode = FALSE
	EndGlobalSection
	GlobalSection(ExtensibilityGlobals) = postSolution
		SolutionGuid = {D79B9908-D608-4AC2-8F77-E0F7E0C8A354}
	EndGlobalSection
EndGlobal
